
Microsoft Visual Studio Solution File, Format Version 12.00
# Visual Studio Version 17
VisualStudioVersion = 17.8.34316.72
MinimumVisualStudioVersion = 10.0.40219.1
Project("{888888A0-9F3D-457C-B088-3A5042F75D52}") = "main", "main.pyproj", "{FEAA32A7-A69F-47DD-BA79-9972ACD37DD2}"
EndProject
Global
	GlobalSection(SolutionConfigurationPlatforms) = preSolution
		Debug|Any CPU = Debug|Any CPU
		Release|Any CPU = Release|Any CPU
	EndGlobalSection
	GlobalSection(ProjectConfigurationPlatforms) = postSolution
		{FEAA32A7-A69F-47DD-BA79-9972ACD37DD2}.Debug|Any CPU.ActiveCfg = Debug|Any CPU
		{FEAA32A7-A69F-47DD-BA79-9972ACD37DD2}.Release|Any CPU.ActiveCfg = Release|Any CPU
	EndGlobalSection
	GlobalSection(SolutionProperties) = preSolution
		HideSolutionNode = FALSE
	EndGlobalSection
	GlobalSection(ExtensibilityGlobals) = postSolution
		SolutionGuid = {2DACF50A-A1FC-4D03-AC0F-FACBC4F2A5F4}
	EndGlobalSection
EndGlobal
