
Microsoft Visual Studio Solution File, Format Version 12.00
# Visual Studio Version 17
VisualStudioVersion = 17.8.34316.72
MinimumVisualStudioVersion = 10.0.40219.1
Project("{888888A0-9F3D-457C-B088-3A5042F75D52}") = "tasks", "tasks.pyproj", "{025AFCC4-A14A-4C67-BB3D-0B614E030F41}"
EndProject
Global
	GlobalSection(SolutionConfigurationPlatforms) = preSolution
		Debug|Any CPU = Debug|Any CPU
		Release|Any CPU = Release|Any CPU
	EndGlobalSection
	GlobalSection(ProjectConfigurationPlatforms) = postSolution
		{025AFCC4-A14A-4C67-BB3D-0B614E030F41}.Debug|Any CPU.ActiveCfg = Debug|Any CPU
		{025AFCC4-A14A-4C67-BB3D-0B614E030F41}.Release|Any CPU.ActiveCfg = Release|Any CPU
	EndGlobalSection
	GlobalSection(SolutionProperties) = preSolution
		HideSolutionNode = FALSE
	EndGlobalSection
	GlobalSection(ExtensibilityGlobals) = postSolution
		SolutionGuid = {A89DB9C1-843B-41BD-AEDC-2F324FBA39AB}
	EndGlobalSection
EndGlobal
