
Microsoft Visual Studio Solution File, Format Version 12.00
# Visual Studio Version 17
VisualStudioVersion = 17.8.34316.72
MinimumVisualStudioVersion = 10.0.40219.1
Project("{888888A0-9F3D-457C-B088-3A5042F75D52}") = "testing", "testing.pyproj", "{6EEAED87-106F-4D1C-9D18-EC1311033E6F}"
EndProject
Global
	GlobalSection(SolutionConfigurationPlatforms) = preSolution
		Debug|Any CPU = Debug|Any CPU
		Release|Any CPU = Release|Any CPU
	EndGlobalSection
	GlobalSection(ProjectConfigurationPlatforms) = postSolution
		{6EEAED87-106F-4D1C-9D18-EC1311033E6F}.Debug|Any CPU.ActiveCfg = Debug|Any CPU
		{6EEAED87-106F-4D1C-9D18-EC1311033E6F}.Release|Any CPU.ActiveCfg = Release|Any CPU
	EndGlobalSection
	GlobalSection(SolutionProperties) = preSolution
		HideSolutionNode = FALSE
	EndGlobalSection
	GlobalSection(ExtensibilityGlobals) = postSolution
		SolutionGuid = {D4ABCAE1-1CD6-4E81-9649-C00A13B08936}
	EndGlobalSection
EndGlobal
